
Microsoft Visual Studio Solution File, Format Version 12.00
# Visual Studio Version 16
VisualStudioVersion = 16.0.29424.173
MinimumVisualStudioVersion = 10.0.40219.1
Project("{8BC9CEB8-8B4A-11D0-8D11-00A0C91BC942}") = "Orbital.Demo.Win32.VCPP", "Orbital.Demo.Win32.VCPP.vcxproj", "{E8CCDC30-B1E0-4FDB-864B-27CE8C009BC2}"
EndProject
Global
	GlobalSection(SolutionConfigurationPlatforms) = preSolution
		Debug|x64 = Debug|x64
		Debug|x86 = Debug|x86
		Release|x64 = Release|x64
		Release|x86 = Release|x86
	EndGlobalSection
	GlobalSection(ProjectConfigurationPlatforms) = postSolution
		{E8CCDC30-B1E0-4FDB-864B-27CE8C009BC2}.Debug|x64.ActiveCfg = Debug|x64
		{E8CCDC30-B1E0-4FDB-864B-27CE8C009BC2}.Debug|x64.Build.0 = Debug|x64
		{E8CCDC30-B1E0-4FDB-864B-27CE8C009BC2}.Debug|x86.ActiveCfg = Debug|Win32
		{E8CCDC30-B1E0-4FDB-864B-27CE8C009BC2}.Debug|x86.Build.0 = Debug|Win32
		{E8CCDC30-B1E0-4FDB-864B-27CE8C009BC2}.Release|x64.ActiveCfg = Release|x64
		{E8CCDC30-B1E0-4FDB-864B-27CE8C009BC2}.Release|x64.Build.0 = Release|x64
		{E8CCDC30-B1E0-4FDB-864B-27CE8C009BC2}.Release|x86.ActiveCfg = Release|Win32
		{E8CCDC30-B1E0-4FDB-864B-27CE8C009BC2}.Release|x86.Build.0 = Release|Win32
	EndGlobalSection
	GlobalSection(SolutionProperties) = preSolution
		HideSolutionNode = FALSE
	EndGlobalSection
	GlobalSection(ExtensibilityGlobals) = postSolution
		SolutionGuid = {96AD135E-E85D-46C9-80EB-96A7BFA49E98}
	EndGlobalSection
EndGlobal
