
Microsoft Visual Studio Solution File, Format Version 12.00
# Visual Studio Version 17
VisualStudioVersion = 17.3.32922.545
MinimumVisualStudioVersion = 10.0.40219.1
Project("{9A19103F-16F7-4668-BE54-9A1E7A4F7556}") = "Orbital.Numerics", "Orbital.Numerics\Orbital.Numerics.csproj", "{51EF7356-1961-4A05-A6FB-8F293A55FF4F}"
EndProject
Project("{9A19103F-16F7-4668-BE54-9A1E7A4F7556}") = "Orbital.Host", "Orbital.Host\Orbital.Host.csproj", "{2C1343EE-D09E-4EA4-A7CD-F3649AE02703}"
EndProject
Project("{9A19103F-16F7-4668-BE54-9A1E7A4F7556}") = "Orbital.Host.WinForms", "Orbital.Host.WinForms\Orbital.Host.WinForms.csproj", "{5C1F418A-9D5B-44C1-A07C-B7B29359799D}"
EndProject
Project("{9A19103F-16F7-4668-BE54-9A1E7A4F7556}") = "Orbital.Demo.WinForms", "Orbital.Demo.WinForms\Orbital.Demo.WinForms.csproj", "{AAD35AD6-25F5-432D-8D1A-8733997F9C6A}"
EndProject
Project("{9A19103F-16F7-4668-BE54-9A1E7A4F7556}") = "Orbital.Host.WPF", "Orbital.Host.WPF\Orbital.Host.WPF.csproj", "{A96C9D43-DA89-4397-AB46-3C590F34713E}"
EndProject
Project("{9A19103F-16F7-4668-BE54-9A1E7A4F7556}") = "Orbital.Demo.WPF", "Orbital.Demo.WPF\Orbital.Demo.WPF.csproj", "{5510F983-07B5-4C6B-AA40-07A6BAC1DA9D}"
EndProject
Project("{9A19103F-16F7-4668-BE54-9A1E7A4F7556}") = "Orbital.Host.Win", "Orbital.Host.Win\Orbital.Host.Win.csproj", "{4078532F-866C-4A62-907D-34BC7B2983DF}"
EndProject
Project("{9A19103F-16F7-4668-BE54-9A1E7A4F7556}") = "Orbital.Demo.Win", "Orbital.Demo.Win\Orbital.Demo.Win.csproj", "{F25F9861-354B-4CCD-9D45-C1DA0E2304F4}"
EndProject
Project("{9A19103F-16F7-4668-BE54-9A1E7A4F7556}") = "Orbital.Video", "Orbital.Video\Orbital.Video.csproj", "{453ECD81-1052-4784-A99A-01C5B135ED49}"
EndProject
Project("{9A19103F-16F7-4668-BE54-9A1E7A4F7556}") = "Orbital.Video.D3D12", "Orbital.Video.D3D12\Orbital.Video.D3D12.csproj", "{FB06F31C-A293-4512-92CC-0DC4FC7510B5}"
EndProject
Project("{9A19103F-16F7-4668-BE54-9A1E7A4F7556}") = "Orbital.Video.API", "Orbital.Video.API\Orbital.Video.API.csproj", "{B1D5674B-A773-44C1-B062-F899A85541EC}"
EndProject
Project("{9A19103F-16F7-4668-BE54-9A1E7A4F7556}") = "Orbital.Video.Vulkan", "Orbital.Video.Vulkan\Orbital.Video.Vulkan.csproj", "{5C35162C-ADDB-4DF5-A635-D013EE2E8DDA}"
EndProject
Project("{9A19103F-16F7-4668-BE54-9A1E7A4F7556}") = "Orbital.IO", "Orbital.IO\Orbital.IO.csproj", "{DA5C12FC-F2FC-44C7-A968-93327883EABE}"
EndProject
Project("{FAE04EC0-301F-11D3-BF4B-00C04F79EFBC}") = "Orbital.Networking", "Orbital.Networking\Orbital.Networking.csproj", "{302A0694-9338-45A9-8234-389055CE7E0F}"
EndProject
Project("{FAE04EC0-301F-11D3-BF4B-00C04F79EFBC}") = "Orbital.Networking.NamedPipes", "Orbital.Networking.NamedPipes\Orbital.Networking.NamedPipes.csproj", "{CD839911-EE4B-43DF-B842-8A368629FA4D}"
EndProject
Project("{FAE04EC0-301F-11D3-BF4B-00C04F79EFBC}") = "Orbital.Networking.Sockets", "Orbital.Networking.Sockets\Orbital.Networking.Sockets.csproj", "{621BA768-5F0B-4905-A84C-7E07E11283DA}"
EndProject
Global
	GlobalSection(SolutionConfigurationPlatforms) = preSolution
		Debug|Any CPU = Debug|Any CPU
		Release|Any CPU = Release|Any CPU
	EndGlobalSection
	GlobalSection(ProjectConfigurationPlatforms) = postSolution
		{51EF7356-1961-4A05-A6FB-8F293A55FF4F}.Debug|Any CPU.ActiveCfg = Debug|Any CPU
		{51EF7356-1961-4A05-A6FB-8F293A55FF4F}.Debug|Any CPU.Build.0 = Debug|Any CPU
		{51EF7356-1961-4A05-A6FB-8F293A55FF4F}.Release|Any CPU.ActiveCfg = Release|Any CPU
		{51EF7356-1961-4A05-A6FB-8F293A55FF4F}.Release|Any CPU.Build.0 = Release|Any CPU
		{2C1343EE-D09E-4EA4-A7CD-F3649AE02703}.Debug|Any CPU.ActiveCfg = Debug|Any CPU
		{2C1343EE-D09E-4EA4-A7CD-F3649AE02703}.Debug|Any CPU.Build.0 = Debug|Any CPU
		{2C1343EE-D09E-4EA4-A7CD-F3649AE02703}.Release|Any CPU.ActiveCfg = Release|Any CPU
		{2C1343EE-D09E-4EA4-A7CD-F3649AE02703}.Release|Any CPU.Build.0 = Release|Any CPU
		{5C1F418A-9D5B-44C1-A07C-B7B29359799D}.Debug|Any CPU.ActiveCfg = Debug|Any CPU
		{5C1F418A-9D5B-44C1-A07C-B7B29359799D}.Debug|Any CPU.Build.0 = Debug|Any CPU
		{5C1F418A-9D5B-44C1-A07C-B7B29359799D}.Release|Any CPU.ActiveCfg = Release|Any CPU
		{5C1F418A-9D5B-44C1-A07C-B7B29359799D}.Release|Any CPU.Build.0 = Release|Any CPU
		{AAD35AD6-25F5-432D-8D1A-8733997F9C6A}.Debug|Any CPU.ActiveCfg = Debug|Any CPU
		{AAD35AD6-25F5-432D-8D1A-8733997F9C6A}.Debug|Any CPU.Build.0 = Debug|Any CPU
		{AAD35AD6-25F5-432D-8D1A-8733997F9C6A}.Release|Any CPU.ActiveCfg = Release|Any CPU
		{AAD35AD6-25F5-432D-8D1A-8733997F9C6A}.Release|Any CPU.Build.0 = Release|Any CPU
		{A96C9D43-DA89-4397-AB46-3C590F34713E}.Debug|Any CPU.ActiveCfg = Debug|Any CPU
		{A96C9D43-DA89-4397-AB46-3C590F34713E}.Debug|Any CPU.Build.0 = Debug|Any CPU
		{A96C9D43-DA89-4397-AB46-3C590F34713E}.Release|Any CPU.ActiveCfg = Release|Any CPU
		{A96C9D43-DA89-4397-AB46-3C590F34713E}.Release|Any CPU.Build.0 = Release|Any CPU
		{5510F983-07B5-4C6B-AA40-07A6BAC1DA9D}.Debug|Any CPU.ActiveCfg = Debug|Any CPU
		{5510F983-07B5-4C6B-AA40-07A6BAC1DA9D}.Debug|Any CPU.Build.0 = Debug|Any CPU
		{5510F983-07B5-4C6B-AA40-07A6BAC1DA9D}.Release|Any CPU.ActiveCfg = Release|Any CPU
		{5510F983-07B5-4C6B-AA40-07A6BAC1DA9D}.Release|Any CPU.Build.0 = Release|Any CPU
		{4078532F-866C-4A62-907D-34BC7B2983DF}.Debug|Any CPU.ActiveCfg = Debug|Any CPU
		{4078532F-866C-4A62-907D-34BC7B2983DF}.Debug|Any CPU.Build.0 = Debug|Any CPU
		{4078532F-866C-4A62-907D-34BC7B2983DF}.Release|Any CPU.ActiveCfg = Release|Any CPU
		{4078532F-866C-4A62-907D-34BC7B2983DF}.Release|Any CPU.Build.0 = Release|Any CPU
		{F25F9861-354B-4CCD-9D45-C1DA0E2304F4}.Debug|Any CPU.ActiveCfg = Debug|Any CPU
		{F25F9861-354B-4CCD-9D45-C1DA0E2304F4}.Debug|Any CPU.Build.0 = Debug|Any CPU
		{F25F9861-354B-4CCD-9D45-C1DA0E2304F4}.Release|Any CPU.ActiveCfg = Release|Any CPU
		{F25F9861-354B-4CCD-9D45-C1DA0E2304F4}.Release|Any CPU.Build.0 = Release|Any CPU
		{453ECD81-1052-4784-A99A-01C5B135ED49}.Debug|Any CPU.ActiveCfg = Debug|Any CPU
		{453ECD81-1052-4784-A99A-01C5B135ED49}.Debug|Any CPU.Build.0 = Debug|Any CPU
		{453ECD81-1052-4784-A99A-01C5B135ED49}.Release|Any CPU.ActiveCfg = Release|Any CPU
		{453ECD81-1052-4784-A99A-01C5B135ED49}.Release|Any CPU.Build.0 = Release|Any CPU
		{FB06F31C-A293-4512-92CC-0DC4FC7510B5}.Debug|Any CPU.ActiveCfg = Debug|Any CPU
		{FB06F31C-A293-4512-92CC-0DC4FC7510B5}.Debug|Any CPU.Build.0 = Debug|Any CPU
		{FB06F31C-A293-4512-92CC-0DC4FC7510B5}.Release|Any CPU.ActiveCfg = Release|Any CPU
		{FB06F31C-A293-4512-92CC-0DC4FC7510B5}.Release|Any CPU.Build.0 = Release|Any CPU
		{B1D5674B-A773-44C1-B062-F899A85541EC}.Debug|Any CPU.ActiveCfg = Debug|Any CPU
		{B1D5674B-A773-44C1-B062-F899A85541EC}.Debug|Any CPU.Build.0 = Debug|Any CPU
		{B1D5674B-A773-44C1-B062-F899A85541EC}.Release|Any CPU.ActiveCfg = Release|Any CPU
		{B1D5674B-A773-44C1-B062-F899A85541EC}.Release|Any CPU.Build.0 = Release|Any CPU
		{5C35162C-ADDB-4DF5-A635-D013EE2E8DDA}.Debug|Any CPU.ActiveCfg = Debug|Any CPU
		{5C35162C-ADDB-4DF5-A635-D013EE2E8DDA}.Debug|Any CPU.Build.0 = Debug|Any CPU
		{5C35162C-ADDB-4DF5-A635-D013EE2E8DDA}.Release|Any CPU.ActiveCfg = Release|Any CPU
		{5C35162C-ADDB-4DF5-A635-D013EE2E8DDA}.Release|Any CPU.Build.0 = Release|Any CPU
		{DA5C12FC-F2FC-44C7-A968-93327883EABE}.Debug|Any CPU.ActiveCfg = Debug|Any CPU
		{DA5C12FC-F2FC-44C7-A968-93327883EABE}.Debug|Any CPU.Build.0 = Debug|Any CPU
		{DA5C12FC-F2FC-44C7-A968-93327883EABE}.Release|Any CPU.ActiveCfg = Release|Any CPU
		{DA5C12FC-F2FC-44C7-A968-93327883EABE}.Release|Any CPU.Build.0 = Release|Any CPU
		{302A0694-9338-45A9-8234-389055CE7E0F}.Debug|Any CPU.ActiveCfg = Debug|Any CPU
		{302A0694-9338-45A9-8234-389055CE7E0F}.Debug|Any CPU.Build.0 = Debug|Any CPU
		{302A0694-9338-45A9-8234-389055CE7E0F}.Release|Any CPU.ActiveCfg = Release|Any CPU
		{302A0694-9338-45A9-8234-389055CE7E0F}.Release|Any CPU.Build.0 = Release|Any CPU
		{CD839911-EE4B-43DF-B842-8A368629FA4D}.Debug|Any CPU.ActiveCfg = Debug|Any CPU
		{CD839911-EE4B-43DF-B842-8A368629FA4D}.Debug|Any CPU.Build.0 = Debug|Any CPU
		{CD839911-EE4B-43DF-B842-8A368629FA4D}.Release|Any CPU.ActiveCfg = Release|Any CPU
		{CD839911-EE4B-43DF-B842-8A368629FA4D}.Release|Any CPU.Build.0 = Release|Any CPU
		{621BA768-5F0B-4905-A84C-7E07E11283DA}.Debug|Any CPU.ActiveCfg = Debug|Any CPU
		{621BA768-5F0B-4905-A84C-7E07E11283DA}.Debug|Any CPU.Build.0 = Debug|Any CPU
		{621BA768-5F0B-4905-A84C-7E07E11283DA}.Release|Any CPU.ActiveCfg = Release|Any CPU
		{621BA768-5F0B-4905-A84C-7E07E11283DA}.Release|Any CPU.Build.0 = Release|Any CPU
	EndGlobalSection
	GlobalSection(SolutionProperties) = preSolution
		HideSolutionNode = FALSE
	EndGlobalSection
	GlobalSection(ExtensibilityGlobals) = postSolution
		SolutionGuid = {7A4DF150-EA74-484F-8970-746EEBA9083F}
	EndGlobalSection
EndGlobal
