
Microsoft Visual Studio Solution File, Format Version 12.00
# Visual Studio Version 17
VisualStudioVersion = 17.9.34728.123
MinimumVisualStudioVersion = 10.0.40219.1
Project("{FAE04EC0-301F-11D3-BF4B-00C04F79EFBC}") = "Orbital.Demo.UWP", "Orbital.Demo.UWP\Orbital.Demo.UWP.csproj", "{B9E552EE-B5C7-40E5-B1F7-E004CC18E45D}"
EndProject
Project("{FAE04EC0-301F-11D3-BF4B-00C04F79EFBC}") = "Orbital.Host", "Orbital.Host\Orbital.Host.csproj", "{4662F7BF-0D03-4DE3-B42C-CBB346B85CAC}"
EndProject
Project("{FAE04EC0-301F-11D3-BF4B-00C04F79EFBC}") = "Orbital.Numerics", "Orbital.Numerics\Orbital.Numerics.csproj", "{DE2AB676-B977-4FD5-BC3D-F09A01256E4B}"
EndProject
Project("{FAE04EC0-301F-11D3-BF4B-00C04F79EFBC}") = "Orbital.Host.UWP", "Orbital.Host.UWP\Orbital.Host.UWP.csproj", "{58DFCC1A-2755-4173-8463-B5C1C277C25C}"
EndProject
Global
	GlobalSection(SolutionConfigurationPlatforms) = preSolution
		Debug|Any CPU = Debug|Any CPU
		Debug|ARM = Debug|ARM
		Debug|ARM64 = Debug|ARM64
		Debug|x64 = Debug|x64
		Debug|x86 = Debug|x86
		Release|Any CPU = Release|Any CPU
		Release|ARM = Release|ARM
		Release|ARM64 = Release|ARM64
		Release|x64 = Release|x64
		Release|x86 = Release|x86
	EndGlobalSection
	GlobalSection(ProjectConfigurationPlatforms) = postSolution
		{B9E552EE-B5C7-40E5-B1F7-E004CC18E45D}.Debug|Any CPU.ActiveCfg = Debug|x64
		{B9E552EE-B5C7-40E5-B1F7-E004CC18E45D}.Debug|Any CPU.Build.0 = Debug|x64
		{B9E552EE-B5C7-40E5-B1F7-E004CC18E45D}.Debug|Any CPU.Deploy.0 = Debug|x64
		{B9E552EE-B5C7-40E5-B1F7-E004CC18E45D}.Debug|ARM.ActiveCfg = Debug|ARM
		{B9E552EE-B5C7-40E5-B1F7-E004CC18E45D}.Debug|ARM.Build.0 = Debug|ARM
		{B9E552EE-B5C7-40E5-B1F7-E004CC18E45D}.Debug|ARM.Deploy.0 = Debug|ARM
		{B9E552EE-B5C7-40E5-B1F7-E004CC18E45D}.Debug|ARM64.ActiveCfg = Debug|ARM64
		{B9E552EE-B5C7-40E5-B1F7-E004CC18E45D}.Debug|ARM64.Build.0 = Debug|ARM64
		{B9E552EE-B5C7-40E5-B1F7-E004CC18E45D}.Debug|ARM64.Deploy.0 = Debug|ARM64
		{B9E552EE-B5C7-40E5-B1F7-E004CC18E45D}.Debug|x64.ActiveCfg = Debug|x64
		{B9E552EE-B5C7-40E5-B1F7-E004CC18E45D}.Debug|x64.Build.0 = Debug|x64
		{B9E552EE-B5C7-40E5-B1F7-E004CC18E45D}.Debug|x64.Deploy.0 = Debug|x64
		{B9E552EE-B5C7-40E5-B1F7-E004CC18E45D}.Debug|x86.ActiveCfg = Debug|x86
		{B9E552EE-B5C7-40E5-B1F7-E004CC18E45D}.Debug|x86.Build.0 = Debug|x86
		{B9E552EE-B5C7-40E5-B1F7-E004CC18E45D}.Debug|x86.Deploy.0 = Debug|x86
		{B9E552EE-B5C7-40E5-B1F7-E004CC18E45D}.Release|Any CPU.ActiveCfg = Release|x64
		{B9E552EE-B5C7-40E5-B1F7-E004CC18E45D}.Release|Any CPU.Build.0 = Release|x64
		{B9E552EE-B5C7-40E5-B1F7-E004CC18E45D}.Release|Any CPU.Deploy.0 = Release|x64
		{B9E552EE-B5C7-40E5-B1F7-E004CC18E45D}.Release|ARM.ActiveCfg = Release|ARM
		{B9E552EE-B5C7-40E5-B1F7-E004CC18E45D}.Release|ARM.Build.0 = Release|ARM
		{B9E552EE-B5C7-40E5-B1F7-E004CC18E45D}.Release|ARM.Deploy.0 = Release|ARM
		{B9E552EE-B5C7-40E5-B1F7-E004CC18E45D}.Release|ARM64.ActiveCfg = Release|ARM64
		{B9E552EE-B5C7-40E5-B1F7-E004CC18E45D}.Release|ARM64.Build.0 = Release|ARM64
		{B9E552EE-B5C7-40E5-B1F7-E004CC18E45D}.Release|ARM64.Deploy.0 = Release|ARM64
		{B9E552EE-B5C7-40E5-B1F7-E004CC18E45D}.Release|x64.ActiveCfg = Release|x64
		{B9E552EE-B5C7-40E5-B1F7-E004CC18E45D}.Release|x64.Build.0 = Release|x64
		{B9E552EE-B5C7-40E5-B1F7-E004CC18E45D}.Release|x64.Deploy.0 = Release|x64
		{B9E552EE-B5C7-40E5-B1F7-E004CC18E45D}.Release|x86.ActiveCfg = Release|x86
		{B9E552EE-B5C7-40E5-B1F7-E004CC18E45D}.Release|x86.Build.0 = Release|x86
		{B9E552EE-B5C7-40E5-B1F7-E004CC18E45D}.Release|x86.Deploy.0 = Release|x86
		{4662F7BF-0D03-4DE3-B42C-CBB346B85CAC}.Debug|Any CPU.ActiveCfg = Debug|Any CPU
		{4662F7BF-0D03-4DE3-B42C-CBB346B85CAC}.Debug|Any CPU.Build.0 = Debug|Any CPU
		{4662F7BF-0D03-4DE3-B42C-CBB346B85CAC}.Debug|ARM.ActiveCfg = Debug|ARM
		{4662F7BF-0D03-4DE3-B42C-CBB346B85CAC}.Debug|ARM.Build.0 = Debug|ARM
		{4662F7BF-0D03-4DE3-B42C-CBB346B85CAC}.Debug|ARM64.ActiveCfg = Debug|ARM64
		{4662F7BF-0D03-4DE3-B42C-CBB346B85CAC}.Debug|ARM64.Build.0 = Debug|ARM64
		{4662F7BF-0D03-4DE3-B42C-CBB346B85CAC}.Debug|x64.ActiveCfg = Debug|x64
		{4662F7BF-0D03-4DE3-B42C-CBB346B85CAC}.Debug|x64.Build.0 = Debug|x64
		{4662F7BF-0D03-4DE3-B42C-CBB346B85CAC}.Debug|x86.ActiveCfg = Debug|x86
		{4662F7BF-0D03-4DE3-B42C-CBB346B85CAC}.Debug|x86.Build.0 = Debug|x86
		{4662F7BF-0D03-4DE3-B42C-CBB346B85CAC}.Release|Any CPU.ActiveCfg = Release|Any CPU
		{4662F7BF-0D03-4DE3-B42C-CBB346B85CAC}.Release|Any CPU.Build.0 = Release|Any CPU
		{4662F7BF-0D03-4DE3-B42C-CBB346B85CAC}.Release|ARM.ActiveCfg = Release|ARM
		{4662F7BF-0D03-4DE3-B42C-CBB346B85CAC}.Release|ARM.Build.0 = Release|ARM
		{4662F7BF-0D03-4DE3-B42C-CBB346B85CAC}.Release|ARM64.ActiveCfg = Release|ARM64
		{4662F7BF-0D03-4DE3-B42C-CBB346B85CAC}.Release|ARM64.Build.0 = Release|ARM64
		{4662F7BF-0D03-4DE3-B42C-CBB346B85CAC}.Release|x64.ActiveCfg = Release|x64
		{4662F7BF-0D03-4DE3-B42C-CBB346B85CAC}.Release|x64.Build.0 = Release|x64
		{4662F7BF-0D03-4DE3-B42C-CBB346B85CAC}.Release|x86.ActiveCfg = Release|x86
		{4662F7BF-0D03-4DE3-B42C-CBB346B85CAC}.Release|x86.Build.0 = Release|x86
		{DE2AB676-B977-4FD5-BC3D-F09A01256E4B}.Debug|Any CPU.ActiveCfg = Debug|Any CPU
		{DE2AB676-B977-4FD5-BC3D-F09A01256E4B}.Debug|Any CPU.Build.0 = Debug|Any CPU
		{DE2AB676-B977-4FD5-BC3D-F09A01256E4B}.Debug|ARM.ActiveCfg = Debug|ARM
		{DE2AB676-B977-4FD5-BC3D-F09A01256E4B}.Debug|ARM.Build.0 = Debug|ARM
		{DE2AB676-B977-4FD5-BC3D-F09A01256E4B}.Debug|ARM64.ActiveCfg = Debug|ARM64
		{DE2AB676-B977-4FD5-BC3D-F09A01256E4B}.Debug|ARM64.Build.0 = Debug|ARM64
		{DE2AB676-B977-4FD5-BC3D-F09A01256E4B}.Debug|x64.ActiveCfg = Debug|x64
		{DE2AB676-B977-4FD5-BC3D-F09A01256E4B}.Debug|x64.Build.0 = Debug|x64
		{DE2AB676-B977-4FD5-BC3D-F09A01256E4B}.Debug|x86.ActiveCfg = Debug|x86
		{DE2AB676-B977-4FD5-BC3D-F09A01256E4B}.Debug|x86.Build.0 = Debug|x86
		{DE2AB676-B977-4FD5-BC3D-F09A01256E4B}.Release|Any CPU.ActiveCfg = Release|Any CPU
		{DE2AB676-B977-4FD5-BC3D-F09A01256E4B}.Release|Any CPU.Build.0 = Release|Any CPU
		{DE2AB676-B977-4FD5-BC3D-F09A01256E4B}.Release|ARM.ActiveCfg = Release|ARM
		{DE2AB676-B977-4FD5-BC3D-F09A01256E4B}.Release|ARM.Build.0 = Release|ARM
		{DE2AB676-B977-4FD5-BC3D-F09A01256E4B}.Release|ARM64.ActiveCfg = Release|ARM64
		{DE2AB676-B977-4FD5-BC3D-F09A01256E4B}.Release|ARM64.Build.0 = Release|ARM64
		{DE2AB676-B977-4FD5-BC3D-F09A01256E4B}.Release|x64.ActiveCfg = Release|x64
		{DE2AB676-B977-4FD5-BC3D-F09A01256E4B}.Release|x64.Build.0 = Release|x64
		{DE2AB676-B977-4FD5-BC3D-F09A01256E4B}.Release|x86.ActiveCfg = Release|x86
		{DE2AB676-B977-4FD5-BC3D-F09A01256E4B}.Release|x86.Build.0 = Release|x86
		{58DFCC1A-2755-4173-8463-B5C1C277C25C}.Debug|Any CPU.ActiveCfg = Debug|Any CPU
		{58DFCC1A-2755-4173-8463-B5C1C277C25C}.Debug|Any CPU.Build.0 = Debug|Any CPU
		{58DFCC1A-2755-4173-8463-B5C1C277C25C}.Debug|ARM.ActiveCfg = Debug|ARM
		{58DFCC1A-2755-4173-8463-B5C1C277C25C}.Debug|ARM.Build.0 = Debug|ARM
		{58DFCC1A-2755-4173-8463-B5C1C277C25C}.Debug|ARM64.ActiveCfg = Debug|ARM64
		{58DFCC1A-2755-4173-8463-B5C1C277C25C}.Debug|ARM64.Build.0 = Debug|ARM64
		{58DFCC1A-2755-4173-8463-B5C1C277C25C}.Debug|x64.ActiveCfg = Debug|x64
		{58DFCC1A-2755-4173-8463-B5C1C277C25C}.Debug|x64.Build.0 = Debug|x64
		{58DFCC1A-2755-4173-8463-B5C1C277C25C}.Debug|x86.ActiveCfg = Debug|x86
		{58DFCC1A-2755-4173-8463-B5C1C277C25C}.Debug|x86.Build.0 = Debug|x86
		{58DFCC1A-2755-4173-8463-B5C1C277C25C}.Release|Any CPU.ActiveCfg = Release|Any CPU
		{58DFCC1A-2755-4173-8463-B5C1C277C25C}.Release|Any CPU.Build.0 = Release|Any CPU
		{58DFCC1A-2755-4173-8463-B5C1C277C25C}.Release|ARM.ActiveCfg = Release|ARM
		{58DFCC1A-2755-4173-8463-B5C1C277C25C}.Release|ARM.Build.0 = Release|ARM
		{58DFCC1A-2755-4173-8463-B5C1C277C25C}.Release|ARM64.ActiveCfg = Release|ARM64
		{58DFCC1A-2755-4173-8463-B5C1C277C25C}.Release|ARM64.Build.0 = Release|ARM64
		{58DFCC1A-2755-4173-8463-B5C1C277C25C}.Release|x64.ActiveCfg = Release|x64
		{58DFCC1A-2755-4173-8463-B5C1C277C25C}.Release|x64.Build.0 = Release|x64
		{58DFCC1A-2755-4173-8463-B5C1C277C25C}.Release|x86.ActiveCfg = Release|x86
		{58DFCC1A-2755-4173-8463-B5C1C277C25C}.Release|x86.Build.0 = Release|x86
	EndGlobalSection
	GlobalSection(SolutionProperties) = preSolution
		HideSolutionNode = FALSE
	EndGlobalSection
	GlobalSection(ExtensibilityGlobals) = postSolution
		SolutionGuid = {AB3B7BAF-7B55-46E2-B37F-3463D345DCEA}
	EndGlobalSection
EndGlobal
