<?xml version="1.0" encoding="utf-8"?>
<Project ToolsVersion="4.0" xmlns="http://schemas.microsoft.com/developer/msbuild/2003">
  <ItemGroup>
    <Filter Include="Code">
      <UniqueIdentifier>{512b4bb0-9e59-49ef-88f0-2b59085f4570}</UniqueIdentifier>
    </Filter>
  </ItemGroup>
  <ItemGroup>
    <ClInclude Include="..\..\..\Shared\Orbital.Video.D3D12.Native\Device.h">
      <Filter>Code</Filter>
    </ClInclude>
    <ClInclude Include="framework.h" />
    <ClInclude Include="..\..\..\Shared\Orbital.Video.D3D12.Native\SwapChain.h">
      <Filter>Code</Filter>
    </ClInclude>
    <ClInclude Include="..\..\..\Shared\Orbital.Video.D3D12.Native\Common.h">
      <Filter>Code</Filter>
    </ClInclude>
    <ClInclude Include="..\..\..\Shared\Orbital.Video.D3D12.Native\Instance.h">
      <Filter>Code</Filter>
    </ClInclude>
    <ClInclude Include="..\..\..\Shared\Orbital.Video.D3D12.Native\CommandList.h">
      <Filter>Code</Filter>
    </ClInclude>
    <ClInclude Include="..\..\..\Shared\Orbital.Video.D3D12.Native\Texture.h">
      <Filter>Code</Filter>
    </ClInclude>
    <ClInclude Include="..\..\..\Shared\Orbital.Video.D3D12.Native\RenderPass.h">
      <Filter>Code</Filter>
    </ClInclude>
    <ClInclude Include="..\..\..\Shared\Orbital.Video.D3D12.Native\Shader.h">
      <Filter>Code</Filter>
    </ClInclude>
    <ClInclude Include="..\..\..\Shared\Orbital.Video.D3D12.Native\ShaderEffect.h">
      <Filter>Code</Filter>
    </ClInclude>
    <ClInclude Include="..\..\..\Shared\Orbital.Video.D3D12.Native\RenderState.h">
      <Filter>Code</Filter>
    </ClInclude>
    <ClInclude Include="..\..\..\Shared\Orbital.Video.D3D12.Native\VertexBuffer.h">
      <Filter>Code</Filter>
    </ClInclude>
    <ClInclude Include="..\..\..\Shared\Orbital.Video.D3D12.Native\ConstantBuffer.h">
      <Filter>Code</Filter>
    </ClInclude>
    <ClInclude Include="..\..\..\Shared\Orbital.Video.D3D12.Native\IndexBuffer.h">
      <Filter>Code</Filter>
    </ClInclude>
    <ClInclude Include="..\..\..\Shared\Orbital.Video.D3D12.Native\VertexBufferStreamer.h">
      <Filter>Code</Filter>
    </ClInclude>
    <ClInclude Include="..\..\..\Shared\Orbital.Video.D3D12.Native\DepthStencil.h">
      <Filter>Code</Filter>
    </ClInclude>
    <ClInclude Include="..\..\..\Shared\Orbital.Video.D3D12.Native\ComputeShader.h">
      <Filter>Code</Filter>
    </ClInclude>
    <ClInclude Include="..\..\..\Shared\Orbital.Video.D3D12.Native\ShaderSignature.h">
      <Filter>Code</Filter>
    </ClInclude>
  </ItemGroup>
  <ItemGroup>
    <ClCompile Include="..\..\..\Shared\Orbital.Video.D3D12.Native\Device.cpp">
      <Filter>Code</Filter>
    </ClCompile>
    <ClCompile Include="..\..\..\Shared\Orbital.Video.D3D12.Native\SwapChain.cpp">
      <Filter>Code</Filter>
    </ClCompile>
    <ClCompile Include="..\..\..\Shared\Orbital.Video.D3D12.Native\Instance.cpp">
      <Filter>Code</Filter>
    </ClCompile>
    <ClCompile Include="..\..\..\Shared\Orbital.Video.D3D12.Native\CommandList.cpp">
      <Filter>Code</Filter>
    </ClCompile>
    <ClCompile Include="..\..\..\Shared\Orbital.Video.D3D12.Native\Texture.cpp">
      <Filter>Code</Filter>
    </ClCompile>
    <ClCompile Include="..\..\..\Shared\Orbital.Video.D3D12.Native\RenderPass.cpp">
      <Filter>Code</Filter>
    </ClCompile>
    <ClCompile Include="..\..\..\Shared\Orbital.Video.D3D12.Native\Shader.cpp">
      <Filter>Code</Filter>
    </ClCompile>
    <ClCompile Include="..\..\..\Shared\Orbital.Video.D3D12.Native\Utils.h">
      <Filter>Code</Filter>
    </ClCompile>
    <ClCompile Include="..\..\..\Shared\Orbital.Video.D3D12.Native\Utils.cpp">
      <Filter>Code</Filter>
    </ClCompile>
    <ClCompile Include="..\..\..\Shared\Orbital.Video.D3D12.Native\ShaderEffect.cpp">
      <Filter>Code</Filter>
    </ClCompile>
    <ClCompile Include="..\..\..\Shared\Orbital.Video.D3D12.Native\RenderState.cpp">
      <Filter>Code</Filter>
    </ClCompile>
    <ClCompile Include="..\..\..\Shared\Orbital.Video.D3D12.Native\VertexBuffer.cpp">
      <Filter>Code</Filter>
    </ClCompile>
    <ClCompile Include="..\..\..\Shared\Orbital.Video.D3D12.Native\ConstantBuffer.cpp">
      <Filter>Code</Filter>
    </ClCompile>
    <ClCompile Include="..\..\..\Shared\Orbital.Video.D3D12.Native\IndexBuffer.cpp">
      <Filter>Code</Filter>
    </ClCompile>
    <ClCompile Include="..\..\..\Shared\Orbital.Video.D3D12.Native\VertexBufferStreamer.cpp">
      <Filter>Code</Filter>
    </ClCompile>
    <ClCompile Include="..\..\..\Shared\Orbital.Video.D3D12.Native\DepthStencil.cpp">
      <Filter>Code</Filter>
    </ClCompile>
    <ClCompile Include="..\..\..\Shared\Orbital.Video.D3D12.Native\ComputeShader.cpp">
      <Filter>Code</Filter>
    </ClCompile>
    <ClCompile Include="..\..\..\Shared\Orbital.Video.D3D12.Native\ShaderSignature.cpp">
      <Filter>Code</Filter>
    </ClCompile>
  </ItemGroup>
</Project>